<Solution>
  <Folder Name="/src/">
    <Project Path="src/FloatingHelper.App/FloatingHelper.App.csproj" />
    <Project Path="src/FloatingHelper.Core/FloatingHelper.Core.csproj" />
    <Project Path="src/FloatingHelper.Plugins.Builtin/FloatingHelper.Plugins.Builtin.csproj" />
    <Project Path="src/FloatingHelper.Plugins.SiteLauncher/FloatingHelper.Plugins.SiteLauncher.csproj" />
  </Folder>
  <Folder Name="/tests/">
    <Project Path="tests/FloatingHelper.Core.Tests/FloatingHelper.Core.Tests.csproj" />
  </Folder>
</Solution>
